
Microsoft Visual Studio Solution File, Format Version 12.00
# Visual Studio Version 16
VisualStudioVersion = 16.0.31702.278
MinimumVisualStudioVersion = 10.0.40219.1
Project("{FAE04EC0-301F-11D3-BF4B-00C04F79EFBC}") = "Calculadora.Android", "Calculadora\Calculadora.Android\Calculadora.Android.csproj", "{260ADDA0-1C3C-4548-9728-790957C9B3B4}"
EndProject
Project("{FAE04EC0-301F-11D3-BF4B-00C04F79EFBC}") = "Calculadora", "Calculadora\Calculadora\Calculadora.csproj", "{4D92B5E9-8904-4C4B-B6BD-3E7CEDFAF521}"
EndProject
Global
	GlobalSection(SolutionConfigurationPlatforms) = preSolution
		Debug|Any CPU = Debug|Any CPU
		Release|Any CPU = Release|Any CPU
	EndGlobalSection
	GlobalSection(ProjectConfigurationPlatforms) = postSolution
		{260ADDA0-1C3C-4548-9728-790957C9B3B4}.Debug|Any CPU.ActiveCfg = Debug|Any CPU
		{260ADDA0-1C3C-4548-9728-790957C9B3B4}.Debug|Any CPU.Build.0 = Debug|Any CPU
		{260ADDA0-1C3C-4548-9728-790957C9B3B4}.Debug|Any CPU.Deploy.0 = Debug|Any CPU
		{260ADDA0-1C3C-4548-9728-790957C9B3B4}.Release|Any CPU.ActiveCfg = Release|Any CPU
		{260ADDA0-1C3C-4548-9728-790957C9B3B4}.Release|Any CPU.Build.0 = Release|Any CPU
		{260ADDA0-1C3C-4548-9728-790957C9B3B4}.Release|Any CPU.Deploy.0 = Release|Any CPU
		{4D92B5E9-8904-4C4B-B6BD-3E7CEDFAF521}.Debug|Any CPU.ActiveCfg = Debug|Any CPU
		{4D92B5E9-8904-4C4B-B6BD-3E7CEDFAF521}.Debug|Any CPU.Build.0 = Debug|Any CPU
		{4D92B5E9-8904-4C4B-B6BD-3E7CEDFAF521}.Debug|Any CPU.Deploy.0 = Debug|Any CPU
		{4D92B5E9-8904-4C4B-B6BD-3E7CEDFAF521}.Release|Any CPU.ActiveCfg = Release|Any CPU
		{4D92B5E9-8904-4C4B-B6BD-3E7CEDFAF521}.Release|Any CPU.Build.0 = Release|Any CPU
		{4D92B5E9-8904-4C4B-B6BD-3E7CEDFAF521}.Release|Any CPU.Deploy.0 = Release|Any CPU
	EndGlobalSection
	GlobalSection(SolutionProperties) = preSolution
		HideSolutionNode = FALSE
	EndGlobalSection
	GlobalSection(ExtensibilityGlobals) = postSolution
		SolutionGuid = {A33054E3-D8C5-4758-BA4D-6C2B0FC6FF77}
	EndGlobalSection
EndGlobal
